
Microsoft Visual Studio Solution File, Format Version 12.00
# Visual Studio Version 16
VisualStudioVersion = 16.0.29409.12
MinimumVisualStudioVersion = 10.0.40219.1
Project("{FAE04EC0-301F-11D3-BF4B-00C04F79EFBC}") = "FuncProgramming5", "FuncProgramming5\FuncProgramming5.csproj", "{18740029-6345-4F29-82DC-B21EB3EA2431}"
EndProject
Global
	GlobalSection(SolutionConfigurationPlatforms) = preSolution
		Debug|Any CPU = Debug|Any CPU
		Release|Any CPU = Release|Any CPU
	EndGlobalSection
	GlobalSection(ProjectConfigurationPlatforms) = postSolution
		{18740029-6345-4F29-82DC-B21EB3EA2431}.Debug|Any CPU.ActiveCfg = Debug|Any CPU
		{18740029-6345-4F29-82DC-B21EB3EA2431}.Debug|Any CPU.Build.0 = Debug|Any CPU
		{18740029-6345-4F29-82DC-B21EB3EA2431}.Release|Any CPU.ActiveCfg = Release|Any CPU
		{18740029-6345-4F29-82DC-B21EB3EA2431}.Release|Any CPU.Build.0 = Release|Any CPU
	EndGlobalSection
	GlobalSection(SolutionProperties) = preSolution
		HideSolutionNode = FALSE
	EndGlobalSection
	GlobalSection(ExtensibilityGlobals) = postSolution
		SolutionGuid = {B056FCF9-3E68-4BE6-8388-FBFB3E8DC5D7}
	EndGlobalSection
EndGlobal
